
Microsoft Visual Studio Solution File, Format Version 12.00
Project("{FAE04EC0-301F-11D3-BF4B-00C04F79EFBC}") = "ArtSite.Dashboard", "ArtSiteDashboard\ArtSite.Dashboard.csproj", "{143D3A07-7B51-4BEC-A0C3-C1975181CAD2}"
EndProject
Project("{FAE04EC0-301F-11D3-BF4B-00C04F79EFBC}") = "ArtSiteDashboard.Extensions", "ArtSiteDashboard.Extensions\ArtSiteDashboard.Extensions.csproj", "{05F49217-3B76-489F-8FEA-EF8E90FACB7B}"
EndProject
Project("{FAE04EC0-301F-11D3-BF4B-00C04F79EFBC}") = "ArtSite.Data", "..\ArtSiteApi\ArtSite.Data\ArtSite.Data.csproj", "{2A517F34-B084-488C-90D4-20C941CE5BD4}"
EndProject
Global
	GlobalSection(SolutionConfigurationPlatforms) = preSolution
		Debug|Any CPU = Debug|Any CPU
		Release|Any CPU = Release|Any CPU
	EndGlobalSection
	GlobalSection(ProjectConfigurationPlatforms) = postSolution
		{143D3A07-7B51-4BEC-A0C3-C1975181CAD2}.Debug|Any CPU.ActiveCfg = Debug|Any CPU
		{143D3A07-7B51-4BEC-A0C3-C1975181CAD2}.Debug|Any CPU.Build.0 = Debug|Any CPU
		{143D3A07-7B51-4BEC-A0C3-C1975181CAD2}.Release|Any CPU.ActiveCfg = Release|Any CPU
		{143D3A07-7B51-4BEC-A0C3-C1975181CAD2}.Release|Any CPU.Build.0 = Release|Any CPU
		{05F49217-3B76-489F-8FEA-EF8E90FACB7B}.Debug|Any CPU.ActiveCfg = Debug|Any CPU
		{05F49217-3B76-489F-8FEA-EF8E90FACB7B}.Debug|Any CPU.Build.0 = Debug|Any CPU
		{05F49217-3B76-489F-8FEA-EF8E90FACB7B}.Release|Any CPU.ActiveCfg = Release|Any CPU
		{05F49217-3B76-489F-8FEA-EF8E90FACB7B}.Release|Any CPU.Build.0 = Release|Any CPU
		{2A517F34-B084-488C-90D4-20C941CE5BD4}.Debug|Any CPU.ActiveCfg = Debug|Any CPU
		{2A517F34-B084-488C-90D4-20C941CE5BD4}.Debug|Any CPU.Build.0 = Debug|Any CPU
		{2A517F34-B084-488C-90D4-20C941CE5BD4}.Release|Any CPU.ActiveCfg = Release|Any CPU
		{2A517F34-B084-488C-90D4-20C941CE5BD4}.Release|Any CPU.Build.0 = Release|Any CPU
	EndGlobalSection
EndGlobal
